
Microsoft Visual Studio Solution File, Format Version 12.00
# Visual Studio 2013
VisualStudioVersion = 12.0.30723.0
MinimumVisualStudioVersion = 10.0.40219.1
Project("{8BC9CEB8-8B4A-11D0-8D11-00A0C91BC942}") = "embeder", "embeder.vcxproj", "{FE462DB2-5991-467A-9C5C-4BEC5598AF21}"
EndProject
Global
	GlobalSection(SolutionConfigurationPlatforms) = preSolution
		Debug console|Win32 = Debug console|Win32
		Release console|Win32 = Release console|Win32
	EndGlobalSection
	GlobalSection(ProjectConfigurationPlatforms) = postSolution
		{FE462DB2-5991-467A-9C5C-4BEC5598AF21}.Debug console|Win32.ActiveCfg = Debug console|Win32
		{FE462DB2-5991-467A-9C5C-4BEC5598AF21}.Debug console|Win32.Build.0 = Debug console|Win32
		{FE462DB2-5991-467A-9C5C-4BEC5598AF21}.Release console|Win32.ActiveCfg = Release console|Win32
		{FE462DB2-5991-467A-9C5C-4BEC5598AF21}.Release console|Win32.Build.0 = Release console|Win32
	EndGlobalSection
	GlobalSection(SolutionProperties) = preSolution
		HideSolutionNode = FALSE
	EndGlobalSection
EndGlobal
